
Microsoft Visual Studio Solution File, Format Version 12.00
# Visual Studio Version 16
VisualStudioVersion = 16.0.30204.135
MinimumVisualStudioVersion = 10.0.40219.1
Project("{FAE04EC0-301F-11D3-BF4B-00C04F79EFBC}") = "MUGAdmin", "MUGAdmin\MUGAdmin.csproj", "{1D47162A-69BE-40D8-9B20-B7510F05D813}"
EndProject
Global
	GlobalSection(SolutionConfigurationPlatforms) = preSolution
		Debug|Any CPU = Debug|Any CPU
		Release|Any CPU = Release|Any CPU
	EndGlobalSection
	GlobalSection(ProjectConfigurationPlatforms) = postSolution
		{1D47162A-69BE-40D8-9B20-B7510F05D813}.Debug|Any CPU.ActiveCfg = Debug|Any CPU
		{1D47162A-69BE-40D8-9B20-B7510F05D813}.Debug|Any CPU.Build.0 = Debug|Any CPU
		{1D47162A-69BE-40D8-9B20-B7510F05D813}.Release|Any CPU.ActiveCfg = Release|Any CPU
		{1D47162A-69BE-40D8-9B20-B7510F05D813}.Release|Any CPU.Build.0 = Release|Any CPU
	EndGlobalSection
	GlobalSection(SolutionProperties) = preSolution
		HideSolutionNode = FALSE
	EndGlobalSection
	GlobalSection(ExtensibilityGlobals) = postSolution
		SolutionGuid = {5CBC64C6-D5EF-4F77-9A28-0E176CA93AE6}
	EndGlobalSection
EndGlobal
